
Microsoft Visual Studio Solution File, Format Version 12.00
# Visual Studio Version 17
VisualStudioVersion = 17.1.32414.318
MinimumVisualStudioVersion = 10.0.40219.1
Project("{FAE04EC0-301F-11D3-BF4B-00C04F79EFBC}") = "Lesson_Inheritances", "Lesson_Inheritances\Lesson_Inheritances.csproj", "{BF5810B8-94C7-4F7A-9FF1-759FE68A9D75}"
EndProject
Global
	GlobalSection(SolutionConfigurationPlatforms) = preSolution
		Debug|Any CPU = Debug|Any CPU
		Release|Any CPU = Release|Any CPU
	EndGlobalSection
	GlobalSection(ProjectConfigurationPlatforms) = postSolution
		{BF5810B8-94C7-4F7A-9FF1-759FE68A9D75}.Debug|Any CPU.ActiveCfg = Debug|Any CPU
		{BF5810B8-94C7-4F7A-9FF1-759FE68A9D75}.Debug|Any CPU.Build.0 = Debug|Any CPU
		{BF5810B8-94C7-4F7A-9FF1-759FE68A9D75}.Release|Any CPU.ActiveCfg = Release|Any CPU
		{BF5810B8-94C7-4F7A-9FF1-759FE68A9D75}.Release|Any CPU.Build.0 = Release|Any CPU
	EndGlobalSection
	GlobalSection(SolutionProperties) = preSolution
		HideSolutionNode = FALSE
	EndGlobalSection
	GlobalSection(ExtensibilityGlobals) = postSolution
		SolutionGuid = {795B1176-F264-4AE6-ADD2-9AA2311DDF73}
	EndGlobalSection
EndGlobal
